// !$*UTF8*$!
{
	archiveVersion = 1;
	classes = {
	};
	objectVersion = 50;
	objects = {

/* Begin PBXBuildFile section */
		1F520D2724719F9C007FC58C /* SceneDelegate.swift in Sources */ = {isa = PBXBuildFile; fileRef = 1F520D2624719F9B007FC58C /* SceneDelegate.swift */; };
		1F520D292471B83F007FC58C /* CatCollectionImageModel.swift in Sources */ = {isa = PBXBuildFile; fileRef = 1F520D282471B83F007FC58C /* CatCollectionImageModel.swift */; };
		441C2CC52468125800D953F7 /* Constants.swift in Sources */ = {isa = PBXBuildFile; fileRef = 441C2CC42468125800D953F7 /* Constants.swift */; };
		441C2CC82468759E00D953F7 /* TabBarVM.swift in Sources */ = {isa = PBXBuildFile; fileRef = 441C2CC72468759E00D953F7 /* TabBarVM.swift */; };
		441C2CCA246875BB00D953F7 /* TabBarVC.swift in Sources */ = {isa = PBXBuildFile; fileRef = 441C2CC9246875BB00D953F7 /* TabBarVC.swift */; };
		441C2CCC2468763100D953F7 /* TabBar.storyboard in Resources */ = {isa = PBXBuildFile; fileRef = 441C2CCB2468763100D953F7 /* TabBar.storyboard */; };
		441C2CCE2468765200D953F7 /* Catalog.storyboard in Resources */ = {isa = PBXBuildFile; fileRef = 441C2CCD2468765200D953F7 /* Catalog.storyboard */; };
		441C2CD02468765C00D953F7 /* Gallery.storyboard in Resources */ = {isa = PBXBuildFile; fileRef = 441C2CCF2468765C00D953F7 /* Gallery.storyboard */; };
		441C2CD22468766400D953F7 /* Quiz.storyboard in Resources */ = {isa = PBXBuildFile; fileRef = 441C2CD12468766400D953F7 /* Quiz.storyboard */; };
		441C2CD524687E2C00D953F7 /* CatalogTVC.swift in Sources */ = {isa = PBXBuildFile; fileRef = 441C2CD424687E2C00D953F7 /* CatalogTVC.swift */; };
		441C2CD924687E9300D953F7 /* GalleryItemCVC.swift in Sources */ = {isa = PBXBuildFile; fileRef = 441C2CD824687E9300D953F7 /* GalleryItemCVC.swift */; };
		444F8AD6246709BA005112F5 /* AppDelegate.swift in Sources */ = {isa = PBXBuildFile; fileRef = 444F8AD5246709BA005112F5 /* AppDelegate.swift */; };
		444F8ADF246709BD005112F5 /* Assets.xcassets in Resources */ = {isa = PBXBuildFile; fileRef = 444F8ADE246709BD005112F5 /* Assets.xcassets */; };
		444F8AE2246709BD005112F5 /* LaunchScreen.storyboard in Resources */ = {isa = PBXBuildFile; fileRef = 444F8AE0246709BD005112F5 /* LaunchScreen.storyboard */; };
		444F8AF024670CC5005112F5 /* APIManager.swift in Sources */ = {isa = PBXBuildFile; fileRef = 444F8AEF24670CC5005112F5 /* APIManager.swift */; };
		444F8AF524672010005112F5 /* CatalogVC.swift in Sources */ = {isa = PBXBuildFile; fileRef = 444F8AF424672010005112F5 /* CatalogVC.swift */; };
		444F8AF72467201C005112F5 /* CatalogVM.swift in Sources */ = {isa = PBXBuildFile; fileRef = 444F8AF62467201C005112F5 /* CatalogVM.swift */; };
		444F8AFB246721E4005112F5 /* CatalogItemVC.swift in Sources */ = {isa = PBXBuildFile; fileRef = 444F8AFA246721E4005112F5 /* CatalogItemVC.swift */; };
		444F8AFD246721EE005112F5 /* CatalogItemVM.swift in Sources */ = {isa = PBXBuildFile; fileRef = 444F8AFC246721EE005112F5 /* CatalogItemVM.swift */; };
		444F8B012467222A005112F5 /* QuizVC.swift in Sources */ = {isa = PBXBuildFile; fileRef = 444F8B002467222A005112F5 /* QuizVC.swift */; };
		444F8B0324672234005112F5 /* QuizVM.swift in Sources */ = {isa = PBXBuildFile; fileRef = 444F8B0224672234005112F5 /* QuizVM.swift */; };
		444F8B052467225D005112F5 /* PhotoGalleryVC.swift in Sources */ = {isa = PBXBuildFile; fileRef = 444F8B042467225D005112F5 /* PhotoGalleryVC.swift */; };
		444F8B072467226F005112F5 /* PhotoGalleryVM.swift in Sources */ = {isa = PBXBuildFile; fileRef = 444F8B062467226F005112F5 /* PhotoGalleryVM.swift */; };
		444F8B0924672291005112F5 /* SinglePhotoVC.swift in Sources */ = {isa = PBXBuildFile; fileRef = 444F8B0824672291005112F5 /* SinglePhotoVC.swift */; };
		444F8B0B2467229B005112F5 /* SinglePhotoVM.swift in Sources */ = {isa = PBXBuildFile; fileRef = 444F8B0A2467229B005112F5 /* SinglePhotoVM.swift */; };
		44FFE116246B073300BD34C4 /* BreedModel.swift in Sources */ = {isa = PBXBuildFile; fileRef = 44FFE115246B073300BD34C4 /* BreedModel.swift */; };
		44FFE119246B257D00BD34C4 /* CatalogItemImageTVC.swift in Sources */ = {isa = PBXBuildFile; fileRef = 44FFE118246B257D00BD34C4 /* CatalogItemImageTVC.swift */; };
		44FFE11B246B258E00BD34C4 /* CatalogItemProgTVC.swift in Sources */ = {isa = PBXBuildFile; fileRef = 44FFE11A246B258E00BD34C4 /* CatalogItemProgTVC.swift */; };
		44FFE11D246B259C00BD34C4 /* CatalogItemBoolTVC.swift in Sources */ = {isa = PBXBuildFile; fileRef = 44FFE11C246B259C00BD34C4 /* CatalogItemBoolTVC.swift */; };
		44FFE11F246B25A800BD34C4 /* CatalogItemDescrTVC.swift in Sources */ = {isa = PBXBuildFile; fileRef = 44FFE11E246B25A800BD34C4 /* CatalogItemDescrTVC.swift */; };
		44FFE121246B282B00BD34C4 /* SingleBreedModel.swift in Sources */ = {isa = PBXBuildFile; fileRef = 44FFE120246B282B00BD34C4 /* SingleBreedModel.swift */; };
		44FFE123246B2DC100BD34C4 /* BoolBreedCategory.swift in Sources */ = {isa = PBXBuildFile; fileRef = 44FFE122246B2DC100BD34C4 /* BoolBreedCategory.swift */; };
		44FFE125246B2E2E00BD34C4 /* FloatBreedCategory.swift in Sources */ = {isa = PBXBuildFile; fileRef = 44FFE124246B2E2E00BD34C4 /* FloatBreedCategory.swift */; };
		44FFE127246B329400BD34C4 /* BreedImageModel.swift in Sources */ = {isa = PBXBuildFile; fileRef = 44FFE126246B329400BD34C4 /* BreedImageModel.swift */; };
/* End PBXBuildFile section */

/* Begin PBXFileReference section */
		1F520D2624719F9B007FC58C /* SceneDelegate.swift */ = {isa = PBXFileReference; fileEncoding = 4; lastKnownFileType = sourcecode.swift; path = SceneDelegate.swift; sourceTree = "<group>"; };
		1F520D282471B83F007FC58C /* CatCollectionImageModel.swift */ = {isa = PBXFileReference; lastKnownFileType = sourcecode.swift; path = CatCollectionImageModel.swift; sourceTree = "<group>"; };
		1FC35FBB24719DF000089737 /* Info.plist */ = {isa = PBXFileReference; fileEncoding = 4; lastKnownFileType = text.plist.xml; path = Info.plist; sourceTree = "<group>"; };
		441C2CC42468125800D953F7 /* Constants.swift */ = {isa = PBXFileReference; lastKnownFileType = sourcecode.swift; path = Constants.swift; sourceTree = "<group>"; };
		441C2CC72468759E00D953F7 /* TabBarVM.swift */ = {isa = PBXFileReference; lastKnownFileType = sourcecode.swift; path = TabBarVM.swift; sourceTree = "<group>"; };
		441C2CC9246875BB00D953F7 /* TabBarVC.swift */ = {isa = PBXFileReference; lastKnownFileType = sourcecode.swift; path = TabBarVC.swift; sourceTree = "<group>"; };
		441C2CCB2468763100D953F7 /* TabBar.storyboard */ = {isa = PBXFileReference; lastKnownFileType = file.storyboard; path = TabBar.storyboard; sourceTree = "<group>"; };
		441C2CCD2468765200D953F7 /* Catalog.storyboard */ = {isa = PBXFileReference; lastKnownFileType = file.storyboard; path = Catalog.storyboard; sourceTree = "<group>"; };
		441C2CCF2468765C00D953F7 /* Gallery.storyboard */ = {isa = PBXFileReference; lastKnownFileType = file.storyboard; path = Gallery.storyboard; sourceTree = "<group>"; };
		441C2CD12468766400D953F7 /* Quiz.storyboard */ = {isa = PBXFileReference; lastKnownFileType = file.storyboard; path = Quiz.storyboard; sourceTree = "<group>"; };
		441C2CD424687E2C00D953F7 /* CatalogTVC.swift */ = {isa = PBXFileReference; lastKnownFileType = sourcecode.swift; path = CatalogTVC.swift; sourceTree = "<group>"; };
		441C2CD824687E9300D953F7 /* GalleryItemCVC.swift */ = {isa = PBXFileReference; lastKnownFileType = sourcecode.swift; path = GalleryItemCVC.swift; sourceTree = "<group>"; };
		444F8AD2246709BA005112F5 /* Caturday.app */ = {isa = PBXFileReference; explicitFileType = wrapper.application; includeInIndex = 0; path = Caturday.app; sourceTree = BUILT_PRODUCTS_DIR; };
		444F8AD5246709BA005112F5 /* AppDelegate.swift */ = {isa = PBXFileReference; lastKnownFileType = sourcecode.swift; path = AppDelegate.swift; sourceTree = "<group>"; };
		444F8ADE246709BD005112F5 /* Assets.xcassets */ = {isa = PBXFileReference; lastKnownFileType = folder.assetcatalog; path = Assets.xcassets; sourceTree = "<group>"; };
		444F8AE1246709BD005112F5 /* Base */ = {isa = PBXFileReference; lastKnownFileType = file.storyboard; name = Base; path = Base.lproj/LaunchScreen.storyboard; sourceTree = "<group>"; };
		444F8AEF24670CC5005112F5 /* APIManager.swift */ = {isa = PBXFileReference; lastKnownFileType = sourcecode.swift; path = APIManager.swift; sourceTree = "<group>"; };
		444F8AF424672010005112F5 /* CatalogVC.swift */ = {isa = PBXFileReference; lastKnownFileType = sourcecode.swift; path = CatalogVC.swift; sourceTree = "<group>"; };
		444F8AF62467201C005112F5 /* CatalogVM.swift */ = {isa = PBXFileReference; lastKnownFileType = sourcecode.swift; path = CatalogVM.swift; sourceTree = "<group>"; };
		444F8AFA246721E4005112F5 /* CatalogItemVC.swift */ = {isa = PBXFileReference; lastKnownFileType = sourcecode.swift; path = CatalogItemVC.swift; sourceTree = "<group>"; };
		444F8AFC246721EE005112F5 /* CatalogItemVM.swift */ = {isa = PBXFileReference; lastKnownFileType = sourcecode.swift; path = CatalogItemVM.swift; sourceTree = "<group>"; };
		444F8B002467222A005112F5 /* QuizVC.swift */ = {isa = PBXFileReference; lastKnownFileType = sourcecode.swift; path = QuizVC.swift; sourceTree = "<group>"; };
		444F8B0224672234005112F5 /* QuizVM.swift */ = {isa = PBXFileReference; lastKnownFileType = sourcecode.swift; path = QuizVM.swift; sourceTree = "<group>"; };
		444F8B042467225D005112F5 /* PhotoGalleryVC.swift */ = {isa = PBXFileReference; lastKnownFileType = sourcecode.swift; path = PhotoGalleryVC.swift; sourceTree = "<group>"; };
		444F8B062467226F005112F5 /* PhotoGalleryVM.swift */ = {isa = PBXFileReference; lastKnownFileType = sourcecode.swift; path = PhotoGalleryVM.swift; sourceTree = "<group>"; };
		444F8B0824672291005112F5 /* SinglePhotoVC.swift */ = {isa = PBXFileReference; lastKnownFileType = sourcecode.swift; path = SinglePhotoVC.swift; sourceTree = "<group>"; };
		444F8B0A2467229B005112F5 /* SinglePhotoVM.swift */ = {isa = PBXFileReference; lastKnownFileType = sourcecode.swift; path = SinglePhotoVM.swift; sourceTree = "<group>"; };
		44FFE115246B073300BD34C4 /* BreedModel.swift */ = {isa = PBXFileReference; lastKnownFileType = sourcecode.swift; path = BreedModel.swift; sourceTree = "<group>"; };
		44FFE118246B257D00BD34C4 /* CatalogItemImageTVC.swift */ = {isa = PBXFileReference; lastKnownFileType = sourcecode.swift; path = CatalogItemImageTVC.swift; sourceTree = "<group>"; };
		44FFE11A246B258E00BD34C4 /* CatalogItemProgTVC.swift */ = {isa = PBXFileReference; lastKnownFileType = sourcecode.swift; path = CatalogItemProgTVC.swift; sourceTree = "<group>"; };
		44FFE11C246B259C00BD34C4 /* CatalogItemBoolTVC.swift */ = {isa = PBXFileReference; lastKnownFileType = sourcecode.swift; path = CatalogItemBoolTVC.swift; sourceTree = "<group>"; };
		44FFE11E246B25A800BD34C4 /* CatalogItemDescrTVC.swift */ = {isa = PBXFileReference; lastKnownFileType = sourcecode.swift; path = CatalogItemDescrTVC.swift; sourceTree = "<group>"; };
		44FFE120246B282B00BD34C4 /* SingleBreedModel.swift */ = {isa = PBXFileReference; lastKnownFileType = sourcecode.swift; path = SingleBreedModel.swift; sourceTree = "<group>"; };
		44FFE122246B2DC100BD34C4 /* BoolBreedCategory.swift */ = {isa = PBXFileReference; lastKnownFileType = sourcecode.swift; path = BoolBreedCategory.swift; sourceTree = "<group>"; };
		44FFE124246B2E2E00BD34C4 /* FloatBreedCategory.swift */ = {isa = PBXFileReference; lastKnownFileType = sourcecode.swift; path = FloatBreedCategory.swift; sourceTree = "<group>"; };
		44FFE126246B329400BD34C4 /* BreedImageModel.swift */ = {isa = PBXFileReference; lastKnownFileType = sourcecode.swift; path = BreedImageModel.swift; sourceTree = "<group>"; };
/* End PBXFileReference section */

/* Begin PBXFrameworksBuildPhase section */
		444F8ACF246709BA005112F5 /* Frameworks */ = {
			isa = PBXFrameworksBuildPhase;
			buildActionMask = 2147483647;
			files = (
			);
			runOnlyForDeploymentPostprocessing = 0;
		};
/* End PBXFrameworksBuildPhase section */

/* Begin PBXGroup section */
		441C2CC62468758E00D953F7 /* Tab Bar Scene */ = {
			isa = PBXGroup;
			children = (
				441C2CC72468759E00D953F7 /* TabBarVM.swift */,
				441C2CC9246875BB00D953F7 /* TabBarVC.swift */,
			);
			path = "Tab Bar Scene";
			sourceTree = "<group>";
		};
		441C2CD324687E0300D953F7 /* Cells */ = {
			isa = PBXGroup;
			children = (
				44FFE117246B254F00BD34C4 /* Catalog */,
				441C2CD824687E9300D953F7 /* GalleryItemCVC.swift */,
			);
			path = Cells;
			sourceTree = "<group>";
		};
		444F8AC9246709BA005112F5 = {
			isa = PBXGroup;
			children = (
				444F8AD4246709BA005112F5 /* Caturday */,
				444F8AD3246709BA005112F5 /* Products */,
			);
			sourceTree = "<group>";
		};
		444F8AD3246709BA005112F5 /* Products */ = {
			isa = PBXGroup;
			children = (
				444F8AD2246709BA005112F5 /* Caturday.app */,
			);
			name = Products;
			sourceTree = "<group>";
		};
		444F8AD4246709BA005112F5 /* Caturday */ = {
			isa = PBXGroup;
			children = (
				444F8AEB24670C91005112F5 /* Support Files */,
				444F8AED24670CAD005112F5 /* Managers */,
				444F8AEC24670CA6005112F5 /* Models */,
				441C2CD324687E0300D953F7 /* Cells */,
				444F8AEA24670C81005112F5 /* Scenes */,
				444F8AE924670C6D005112F5 /* Storyboards */,
				444F8ADE246709BD005112F5 /* Assets.xcassets */,
			);
			path = Caturday;
			sourceTree = "<group>";
		};
		444F8AE924670C6D005112F5 /* Storyboards */ = {
			isa = PBXGroup;
			children = (
				444F8AE0246709BD005112F5 /* LaunchScreen.storyboard */,
				441C2CCB2468763100D953F7 /* TabBar.storyboard */,
				441C2CCD2468765200D953F7 /* Catalog.storyboard */,
				441C2CCF2468765C00D953F7 /* Gallery.storyboard */,
				441C2CD12468766400D953F7 /* Quiz.storyboard */,
			);
			path = Storyboards;
			sourceTree = "<group>";
		};
		444F8AEA24670C81005112F5 /* Scenes */ = {
			isa = PBXGroup;
			children = (
				441C2CC62468758E00D953F7 /* Tab Bar Scene */,
				444F8AF324671FEE005112F5 /* Quiz Scene */,
				444F8AF224671FE8005112F5 /* Gallery Scene */,
				444F8AF124671FD9005112F5 /* Catalog Scene */,
			);
			path = Scenes;
			sourceTree = "<group>";
		};
		444F8AEB24670C91005112F5 /* Support Files */ = {
			isa = PBXGroup;
			children = (
				444F8AD5246709BA005112F5 /* AppDelegate.swift */,
				1FC35FBB24719DF000089737 /* Info.plist */,
				441C2CC42468125800D953F7 /* Constants.swift */,
				1F520D2624719F9B007FC58C /* SceneDelegate.swift */,
			);
			path = "Support Files";
			sourceTree = "<group>";
		};
		444F8AEC24670CA6005112F5 /* Models */ = {
			isa = PBXGroup;
			children = (
				44FFE115246B073300BD34C4 /* BreedModel.swift */,
				44FFE120246B282B00BD34C4 /* SingleBreedModel.swift */,
				44FFE122246B2DC100BD34C4 /* BoolBreedCategory.swift */,
				44FFE124246B2E2E00BD34C4 /* FloatBreedCategory.swift */,
				44FFE126246B329400BD34C4 /* BreedImageModel.swift */,
				1F520D282471B83F007FC58C /* CatCollectionImageModel.swift */,
			);
			path = Models;
			sourceTree = "<group>";
		};
		444F8AED24670CAD005112F5 /* Managers */ = {
			isa = PBXGroup;
			children = (
				444F8AEE24670CB3005112F5 /* Network */,
			);
			path = Managers;
			sourceTree = "<group>";
		};
		444F8AEE24670CB3005112F5 /* Network */ = {
			isa = PBXGroup;
			children = (
				444F8AEF24670CC5005112F5 /* APIManager.swift */,
			);
			path = Network;
			sourceTree = "<group>";
		};
		444F8AF124671FD9005112F5 /* Catalog Scene */ = {
			isa = PBXGroup;
			children = (
				444F8AF9246721BD005112F5 /* Single Item */,
				444F8AF8246721AE005112F5 /* All Items */,
			);
			path = "Catalog Scene";
			sourceTree = "<group>";
		};
		444F8AF224671FE8005112F5 /* Gallery Scene */ = {
			isa = PBXGroup;
			children = (
				444F8AFF24672216005112F5 /* Single Item */,
				444F8AFE24672210005112F5 /* All Items */,
			);
			path = "Gallery Scene";
			sourceTree = "<group>";
		};
		444F8AF324671FEE005112F5 /* Quiz Scene */ = {
			isa = PBXGroup;
			children = (
				444F8B002467222A005112F5 /* QuizVC.swift */,
				444F8B0224672234005112F5 /* QuizVM.swift */,
			);
			path = "Quiz Scene";
			sourceTree = "<group>";
		};
		444F8AF8246721AE005112F5 /* All Items */ = {
			isa = PBXGroup;
			children = (
				444F8AF424672010005112F5 /* CatalogVC.swift */,
				444F8AF62467201C005112F5 /* CatalogVM.swift */,
			);
			path = "All Items";
			sourceTree = "<group>";
		};
		444F8AF9246721BD005112F5 /* Single Item */ = {
			isa = PBXGroup;
			children = (
				444F8AFA246721E4005112F5 /* CatalogItemVC.swift */,
				444F8AFC246721EE005112F5 /* CatalogItemVM.swift */,
			);
			path = "Single Item";
			sourceTree = "<group>";
		};
		444F8AFE24672210005112F5 /* All Items */ = {
			isa = PBXGroup;
			children = (
				444F8B042467225D005112F5 /* PhotoGalleryVC.swift */,
				444F8B062467226F005112F5 /* PhotoGalleryVM.swift */,
			);
			path = "All Items";
			sourceTree = "<group>";
		};
		444F8AFF24672216005112F5 /* Single Item */ = {
			isa = PBXGroup;
			children = (
				444F8B0824672291005112F5 /* SinglePhotoVC.swift */,
				444F8B0A2467229B005112F5 /* SinglePhotoVM.swift */,
			);
			path = "Single Item";
			sourceTree = "<group>";
		};
		44FFE117246B254F00BD34C4 /* Catalog */ = {
			isa = PBXGroup;
			children = (
				441C2CD424687E2C00D953F7 /* CatalogTVC.swift */,
				44FFE118246B257D00BD34C4 /* CatalogItemImageTVC.swift */,
				44FFE11A246B258E00BD34C4 /* CatalogItemProgTVC.swift */,
				44FFE11C246B259C00BD34C4 /* CatalogItemBoolTVC.swift */,
				44FFE11E246B25A800BD34C4 /* CatalogItemDescrTVC.swift */,
			);
			path = Catalog;
			sourceTree = "<group>";
		};
/* End PBXGroup section */

/* Begin PBXNativeTarget section */
		444F8AD1246709BA005112F5 /* Caturday */ = {
			isa = PBXNativeTarget;
			buildConfigurationList = 444F8AE6246709BD005112F5 /* Build configuration list for PBXNativeTarget "Caturday" */;
			buildPhases = (
				444F8ACE246709BA005112F5 /* Sources */,
				444F8ACF246709BA005112F5 /* Frameworks */,
				444F8AD0246709BA005112F5 /* Resources */,
			);
			buildRules = (
			);
			dependencies = (
			);
			name = Caturday;
			productName = Caturday;
			productReference = 444F8AD2246709BA005112F5 /* Caturday.app */;
			productType = "com.apple.product-type.application";
		};
/* End PBXNativeTarget section */

/* Begin PBXProject section */
		444F8ACA246709BA005112F5 /* Project object */ = {
			isa = PBXProject;
			attributes = {
				LastSwiftUpdateCheck = 1100;
				LastUpgradeCheck = 1100;
				ORGANIZATIONNAME = hialex;
				TargetAttributes = {
					444F8AD1246709BA005112F5 = {
						CreatedOnToolsVersion = 11.0;
					};
				};
			};
			buildConfigurationList = 444F8ACD246709BA005112F5 /* Build configuration list for PBXProject "Caturday" */;
			compatibilityVersion = "Xcode 9.3";
			developmentRegion = en;
			hasScannedForEncodings = 0;
			knownRegions = (
				en,
				Base,
			);
			mainGroup = 444F8AC9246709BA005112F5;
			productRefGroup = 444F8AD3246709BA005112F5 /* Products */;
			projectDirPath = "";
			projectRoot = "";
			targets = (
				444F8AD1246709BA005112F5 /* Caturday */,
			);
		};
/* End PBXProject section */

/* Begin PBXResourcesBuildPhase section */
		444F8AD0246709BA005112F5 /* Resources */ = {
			isa = PBXResourcesBuildPhase;
			buildActionMask = 2147483647;
			files = (
				441C2CCE2468765200D953F7 /* Catalog.storyboard in Resources */,
				441C2CD02468765C00D953F7 /* Gallery.storyboard in Resources */,
				441C2CCC2468763100D953F7 /* TabBar.storyboard in Resources */,
				444F8AE2246709BD005112F5 /* LaunchScreen.storyboard in Resources */,
				444F8ADF246709BD005112F5 /* Assets.xcassets in Resources */,
				441C2CD22468766400D953F7 /* Quiz.storyboard in Resources */,
			);
			runOnlyForDeploymentPostprocessing = 0;
		};
/* End PBXResourcesBuildPhase section */

/* Begin PBXSourcesBuildPhase section */
		444F8ACE246709BA005112F5 /* Sources */ = {
			isa = PBXSourcesBuildPhase;
			buildActionMask = 2147483647;
			files = (
				444F8AF72467201C005112F5 /* CatalogVM.swift in Sources */,
				444F8B012467222A005112F5 /* QuizVC.swift in Sources */,
				44FFE11B246B258E00BD34C4 /* CatalogItemProgTVC.swift in Sources */,
				444F8B052467225D005112F5 /* PhotoGalleryVC.swift in Sources */,
				444F8B0924672291005112F5 /* SinglePhotoVC.swift in Sources */,
				444F8AF024670CC5005112F5 /* APIManager.swift in Sources */,
				44FFE121246B282B00BD34C4 /* SingleBreedModel.swift in Sources */,
				444F8B0324672234005112F5 /* QuizVM.swift in Sources */,
				1F520D292471B83F007FC58C /* CatCollectionImageModel.swift in Sources */,
				441C2CD524687E2C00D953F7 /* CatalogTVC.swift in Sources */,
				44FFE127246B329400BD34C4 /* BreedImageModel.swift in Sources */,
				441C2CC82468759E00D953F7 /* TabBarVM.swift in Sources */,
				44FFE125246B2E2E00BD34C4 /* FloatBreedCategory.swift in Sources */,
				444F8AFD246721EE005112F5 /* CatalogItemVM.swift in Sources */,
				44FFE11F246B25A800BD34C4 /* CatalogItemDescrTVC.swift in Sources */,
				1F520D2724719F9C007FC58C /* SceneDelegate.swift in Sources */,
				444F8B072467226F005112F5 /* PhotoGalleryVM.swift in Sources */,
				444F8AF524672010005112F5 /* CatalogVC.swift in Sources */,
				441C2CD924687E9300D953F7 /* GalleryItemCVC.swift in Sources */,
				44FFE11D246B259C00BD34C4 /* CatalogItemBoolTVC.swift in Sources */,
				444F8B0B2467229B005112F5 /* SinglePhotoVM.swift in Sources */,
				44FFE116246B073300BD34C4 /* BreedModel.swift in Sources */,
				441C2CC52468125800D953F7 /* Constants.swift in Sources */,
				444F8AD6246709BA005112F5 /* AppDelegate.swift in Sources */,
				441C2CCA246875BB00D953F7 /* TabBarVC.swift in Sources */,
				44FFE119246B257D00BD34C4 /* CatalogItemImageTVC.swift in Sources */,
				444F8AFB246721E4005112F5 /* CatalogItemVC.swift in Sources */,
				44FFE123246B2DC100BD34C4 /* BoolBreedCategory.swift in Sources */,
			);
			runOnlyForDeploymentPostprocessing = 0;
		};
/* End PBXSourcesBuildPhase section */

/* Begin PBXVariantGroup section */
		444F8AE0246709BD005112F5 /* LaunchScreen.storyboard */ = {
			isa = PBXVariantGroup;
			children = (
				444F8AE1246709BD005112F5 /* Base */,
			);
			name = LaunchScreen.storyboard;
			sourceTree = "<group>";
		};
/* End PBXVariantGroup section */

/* Begin XCBuildConfiguration section */
		444F8AE4246709BD005112F5 /* Debug */ = {
			isa = XCBuildConfiguration;
			buildSettings = {
				ALWAYS_SEARCH_USER_PATHS = NO;
				CLANG_ANALYZER_NONNULL = YES;
				CLANG_ANALYZER_NUMBER_OBJECT_CONVERSION = YES_AGGRESSIVE;
				CLANG_CXX_LANGUAGE_STANDARD = "gnu++14";
				CLANG_CXX_LIBRARY = "libc++";
				CLANG_ENABLE_MODULES = YES;
				CLANG_ENABLE_OBJC_ARC = YES;
				CLANG_ENABLE_OBJC_WEAK = YES;
				CLANG_WARN_BLOCK_CAPTURE_AUTORELEASING = YES;
				CLANG_WARN_BOOL_CONVERSION = YES;
				CLANG_WARN_COMMA = YES;
				CLANG_WARN_CONSTANT_CONVERSION = YES;
				CLANG_WARN_DEPRECATED_OBJC_IMPLEMENTATIONS = YES;
				CLANG_WARN_DIRECT_OBJC_ISA_USAGE = YES_ERROR;
				CLANG_WARN_DOCUMENTATION_COMMENTS = YES;
				CLANG_WARN_EMPTY_BODY = YES;
				CLANG_WARN_ENUM_CONVERSION = YES;
				CLANG_WARN_INFINITE_RECURSION = YES;
				CLANG_WARN_INT_CONVERSION = YES;
				CLANG_WARN_NON_LITERAL_NULL_CONVERSION = YES;
				CLANG_WARN_OBJC_IMPLICIT_RETAIN_SELF = YES;
				CLANG_WARN_OBJC_LITERAL_CONVERSION = YES;
				CLANG_WARN_OBJC_ROOT_CLASS = YES_ERROR;
				CLANG_WARN_RANGE_LOOP_ANALYSIS = YES;
				CLANG_WARN_STRICT_PROTOTYPES = YES;
				CLANG_WARN_SUSPICIOUS_MOVE = YES;
				CLANG_WARN_UNGUARDED_AVAILABILITY = YES_AGGRESSIVE;
				CLANG_WARN_UNREACHABLE_CODE = YES;
				CLANG_WARN__DUPLICATE_METHOD_MATCH = YES;
				COPY_PHASE_STRIP = NO;
				DEBUG_INFORMATION_FORMAT = dwarf;
				ENABLE_STRICT_OBJC_MSGSEND = YES;
				ENABLE_TESTABILITY = YES;
				GCC_C_LANGUAGE_STANDARD = gnu11;
				GCC_DYNAMIC_NO_PIC = NO;
				GCC_NO_COMMON_BLOCKS = YES;
				GCC_OPTIMIZATION_LEVEL = 0;
				GCC_PREPROCESSOR_DEFINITIONS = (
					"DEBUG=1",
					"$(inherited)",
				);
				GCC_WARN_64_TO_32_BIT_CONVERSION = YES;
				GCC_WARN_ABOUT_RETURN_TYPE = YES_ERROR;
				GCC_WARN_UNDECLARED_SELECTOR = YES;
				GCC_WARN_UNINITIALIZED_AUTOS = YES_AGGRESSIVE;
				GCC_WARN_UNUSED_FUNCTION = YES;
				GCC_WARN_UNUSED_VARIABLE = YES;
				IPHONEOS_DEPLOYMENT_TARGET = 12.4;
				MTL_ENABLE_DEBUG_INFO = INCLUDE_SOURCE;
				MTL_FAST_MATH = YES;
				ONLY_ACTIVE_ARCH = YES;
				SDKROOT = iphoneos;
				SWIFT_ACTIVE_COMPILATION_CONDITIONS = DEBUG;
				SWIFT_OPTIMIZATION_LEVEL = "-Onone";
			};
			name = Debug;
		};
		444F8AE5246709BD005112F5 /* Release */ = {
			isa = XCBuildConfiguration;
			buildSettings = {
				ALWAYS_SEARCH_USER_PATHS = NO;
				CLANG_ANALYZER_NONNULL = YES;
				CLANG_ANALYZER_NUMBER_OBJECT_CONVERSION = YES_AGGRESSIVE;
				CLANG_CXX_LANGUAGE_STANDARD = "gnu++14";
				CLANG_CXX_LIBRARY = "libc++";
				CLANG_ENABLE_MODULES = YES;
				CLANG_ENABLE_OBJC_ARC = YES;
				CLANG_ENABLE_OBJC_WEAK = YES;
				CLANG_WARN_BLOCK_CAPTURE_AUTORELEASING = YES;
				CLANG_WARN_BOOL_CONVERSION = YES;
				CLANG_WARN_COMMA = YES;
				CLANG_WARN_CONSTANT_CONVERSION = YES;
				CLANG_WARN_DEPRECATED_OBJC_IMPLEMENTATIONS = YES;
				CLANG_WARN_DIRECT_OBJC_ISA_USAGE = YES_ERROR;
				CLANG_WARN_DOCUMENTATION_COMMENTS = YES;
				CLANG_WARN_EMPTY_BODY = YES;
				CLANG_WARN_ENUM_CONVERSION = YES;
				CLANG_WARN_INFINITE_RECURSION = YES;
				CLANG_WARN_INT_CONVERSION = YES;
				CLANG_WARN_NON_LITERAL_NULL_CONVERSION = YES;
				CLANG_WARN_OBJC_IMPLICIT_RETAIN_SELF = YES;
				CLANG_WARN_OBJC_LITERAL_CONVERSION = YES;
				CLANG_WARN_OBJC_ROOT_CLASS = YES_ERROR;
				CLANG_WARN_RANGE_LOOP_ANALYSIS = YES;
				CLANG_WARN_STRICT_PROTOTYPES = YES;
				CLANG_WARN_SUSPICIOUS_MOVE = YES;
				CLANG_WARN_UNGUARDED_AVAILABILITY = YES_AGGRESSIVE;
				CLANG_WARN_UNREACHABLE_CODE = YES;
				CLANG_WARN__DUPLICATE_METHOD_MATCH = YES;
				COPY_PHASE_STRIP = NO;
				DEBUG_INFORMATION_FORMAT = "dwarf-with-dsym";
				ENABLE_NS_ASSERTIONS = NO;
				ENABLE_STRICT_OBJC_MSGSEND = YES;
				GCC_C_LANGUAGE_STANDARD = gnu11;
				GCC_NO_COMMON_BLOCKS = YES;
				GCC_WARN_64_TO_32_BIT_CONVERSION = YES;
				GCC_WARN_ABOUT_RETURN_TYPE = YES_ERROR;
				GCC_WARN_UNDECLARED_SELECTOR = YES;
				GCC_WARN_UNINITIALIZED_AUTOS = YES_AGGRESSIVE;
				GCC_WARN_UNUSED_FUNCTION = YES;
				GCC_WARN_UNUSED_VARIABLE = YES;
				IPHONEOS_DEPLOYMENT_TARGET = 12.4;
				MTL_ENABLE_DEBUG_INFO = NO;
				MTL_FAST_MATH = YES;
				SDKROOT = iphoneos;
				SWIFT_COMPILATION_MODE = wholemodule;
				SWIFT_OPTIMIZATION_LEVEL = "-O";
				VALIDATE_PRODUCT = YES;
			};
			name = Release;
		};
		444F8AE7246709BD005112F5 /* Debug */ = {
			isa = XCBuildConfiguration;
			buildSettings = {
				ASSETCATALOG_COMPILER_APPICON_NAME = AppIcon;
				CODE_SIGN_STYLE = Automatic;
				DEVELOPMENT_TEAM = V78KN6V8CS;
				INFOPLIST_FILE = "$(SRCROOT)/Caturday/Support Files/Info.plist";
				LD_RUNPATH_SEARCH_PATHS = (
					"$(inherited)",
					"@executable_path/Frameworks",
				);
				PRODUCT_BUNDLE_IDENTIFIER = com.hialex.Caturday;
				PRODUCT_NAME = "$(TARGET_NAME)";
				SWIFT_VERSION = 5.0;
				TARGETED_DEVICE_FAMILY = 1;
			};
			name = Debug;
		};
		444F8AE8246709BD005112F5 /* Release */ = {
			isa = XCBuildConfiguration;
			buildSettings = {
				ASSETCATALOG_COMPILER_APPICON_NAME = AppIcon;
				CODE_SIGN_STYLE = Automatic;
				DEVELOPMENT_TEAM = V78KN6V8CS;
				INFOPLIST_FILE = "$(SRCROOT)/Caturday/Support Files/Info.plist";
				LD_RUNPATH_SEARCH_PATHS = (
					"$(inherited)",
					"@executable_path/Frameworks",
				);
				PRODUCT_BUNDLE_IDENTIFIER = com.hialex.Caturday;
				PRODUCT_NAME = "$(TARGET_NAME)";
				SWIFT_VERSION = 5.0;
				TARGETED_DEVICE_FAMILY = 1;
			};
			name = Release;
		};
/* End XCBuildConfiguration section */

/* Begin XCConfigurationList section */
		444F8ACD246709BA005112F5 /* Build configuration list for PBXProject "Caturday" */ = {
			isa = XCConfigurationList;
			buildConfigurations = (
				444F8AE4246709BD005112F5 /* Debug */,
				444F8AE5246709BD005112F5 /* Release */,
			);
			defaultConfigurationIsVisible = 0;
			defaultConfigurationName = Release;
		};
		444F8AE6246709BD005112F5 /* Build configuration list for PBXNativeTarget "Caturday" */ = {
			isa = XCConfigurationList;
			buildConfigurations = (
				444F8AE7246709BD005112F5 /* Debug */,
				444F8AE8246709BD005112F5 /* Release */,
			);
			defaultConfigurationIsVisible = 0;
			defaultConfigurationName = Release;
		};
/* End XCConfigurationList section */
	};
	rootObject = 444F8ACA246709BA005112F5 /* Project object */;
}
